
Microsoft Visual Studio Solution File, Format Version 12.00
# Visual Studio Version 17
VisualStudioVersion = 17.3.32901.215
MinimumVisualStudioVersion = 10.0.40219.1
Project("{9A19103F-16F7-4668-BE54-9A1E7A4F7556}") = "Ex_aula4_1", "Ex_aula4_1\Ex_aula4_1.csproj", "{180BF120-D0C7-419B-8089-16D98907A1BB}"
EndProject
Project("{9A19103F-16F7-4668-BE54-9A1E7A4F7556}") = "Ex_aula4_2", "Ex_aula4_2\Ex_aula4_2.csproj", "{AB9445DD-2A5E-4669-BEC0-14916B5CFFF9}"
EndProject
Project("{9A19103F-16F7-4668-BE54-9A1E7A4F7556}") = "Ex_aula4_3", "Ex_aula4_3\Ex_aula4_3.csproj", "{AEA7F1B7-42AE-4F1B-BF1B-34D5F2170541}"
EndProject
Project("{FAE04EC0-301F-11D3-BF4B-00C04F79EFBC}") = "Ex_aula4_4", "Ex_aula4_4\Ex_aula4_4.csproj", "{3268F216-EA5F-422F-B611-C214464FBD37}"
EndProject
Project("{FAE04EC0-301F-11D3-BF4B-00C04F79EFBC}") = "Ex_aula4_5", "Ex_aula4_5\Ex_aula4_5.csproj", "{0F80E8EC-4124-4BE8-97E2-0B508F03198E}"
EndProject
Global
	GlobalSection(SolutionConfigurationPlatforms) = preSolution
		Debug|Any CPU = Debug|Any CPU
		Release|Any CPU = Release|Any CPU
	EndGlobalSection
	GlobalSection(ProjectConfigurationPlatforms) = postSolution
		{180BF120-D0C7-419B-8089-16D98907A1BB}.Debug|Any CPU.ActiveCfg = Debug|Any CPU
		{180BF120-D0C7-419B-8089-16D98907A1BB}.Debug|Any CPU.Build.0 = Debug|Any CPU
		{180BF120-D0C7-419B-8089-16D98907A1BB}.Release|Any CPU.ActiveCfg = Release|Any CPU
		{180BF120-D0C7-419B-8089-16D98907A1BB}.Release|Any CPU.Build.0 = Release|Any CPU
		{AB9445DD-2A5E-4669-BEC0-14916B5CFFF9}.Debug|Any CPU.ActiveCfg = Debug|Any CPU
		{AB9445DD-2A5E-4669-BEC0-14916B5CFFF9}.Debug|Any CPU.Build.0 = Debug|Any CPU
		{AB9445DD-2A5E-4669-BEC0-14916B5CFFF9}.Release|Any CPU.ActiveCfg = Release|Any CPU
		{AB9445DD-2A5E-4669-BEC0-14916B5CFFF9}.Release|Any CPU.Build.0 = Release|Any CPU
		{AEA7F1B7-42AE-4F1B-BF1B-34D5F2170541}.Debug|Any CPU.ActiveCfg = Debug|Any CPU
		{AEA7F1B7-42AE-4F1B-BF1B-34D5F2170541}.Debug|Any CPU.Build.0 = Debug|Any CPU
		{AEA7F1B7-42AE-4F1B-BF1B-34D5F2170541}.Release|Any CPU.ActiveCfg = Release|Any CPU
		{AEA7F1B7-42AE-4F1B-BF1B-34D5F2170541}.Release|Any CPU.Build.0 = Release|Any CPU
		{3268F216-EA5F-422F-B611-C214464FBD37}.Debug|Any CPU.ActiveCfg = Debug|Any CPU
		{3268F216-EA5F-422F-B611-C214464FBD37}.Debug|Any CPU.Build.0 = Debug|Any CPU
		{3268F216-EA5F-422F-B611-C214464FBD37}.Release|Any CPU.ActiveCfg = Release|Any CPU
		{3268F216-EA5F-422F-B611-C214464FBD37}.Release|Any CPU.Build.0 = Release|Any CPU
		{0F80E8EC-4124-4BE8-97E2-0B508F03198E}.Debug|Any CPU.ActiveCfg = Debug|Any CPU
		{0F80E8EC-4124-4BE8-97E2-0B508F03198E}.Debug|Any CPU.Build.0 = Debug|Any CPU
		{0F80E8EC-4124-4BE8-97E2-0B508F03198E}.Release|Any CPU.ActiveCfg = Release|Any CPU
		{0F80E8EC-4124-4BE8-97E2-0B508F03198E}.Release|Any CPU.Build.0 = Release|Any CPU
	EndGlobalSection
	GlobalSection(SolutionProperties) = preSolution
		HideSolutionNode = FALSE
	EndGlobalSection
	GlobalSection(ExtensibilityGlobals) = postSolution
		SolutionGuid = {4AD96C5A-582A-428F-864A-219EF492155E}
	EndGlobalSection
EndGlobal
